// !$*UTF8*$!
{
	archiveVersion = 1;
	classes = {
	};
	objectVersion = 50;
	objects = {

/* Begin PBXBuildFile section */
		1469708E2189A3B0008BD8C0 /* DYNSegmentItem.m in Sources */ = {isa = PBXBuildFile; fileRef = 1469708D2189A3B0008BD8C0 /* DYNSegmentItem.m */; };
		14697094218BE936008BD8C0 /* ViewController1.m in Sources */ = {isa = PBXBuildFile; fileRef = 14697093218BE936008BD8C0 /* ViewController1.m */; };
		14EC1AB521853A1B00F1FFBF /* Assets.xcassets in Resources */ = {isa = PBXBuildFile; fileRef = 14EC1AB421853A1B00F1FFBF /* Assets.xcassets */; };
		14EC1AB821853A1B00F1FFBF /* LaunchScreen.storyboard in Resources */ = {isa = PBXBuildFile; fileRef = 14EC1AB621853A1B00F1FFBF /* LaunchScreen.storyboard */; };
		14EC1ABB21853A1B00F1FFBF /* main.m in Sources */ = {isa = PBXBuildFile; fileRef = 14EC1ABA21853A1B00F1FFBF /* main.m */; };
		14EC1AE9218540CC00F1FFBF /* ViewController.m in Sources */ = {isa = PBXBuildFile; fileRef = 14EC1AE5218540CC00F1FFBF /* ViewController.m */; };
		14EC1AEA218540CC00F1FFBF /* Main.storyboard in Resources */ = {isa = PBXBuildFile; fileRef = 14EC1AE6218540CC00F1FFBF /* Main.storyboard */; };
		14EC1AEB218540CC00F1FFBF /* AppDelegate.m in Sources */ = {isa = PBXBuildFile; fileRef = 14EC1AE7218540CC00F1FFBF /* AppDelegate.m */; };
		14EC1B632185E08A00F1FFBF /* DYNSegmentPage.m in Sources */ = {isa = PBXBuildFile; fileRef = 14EC1B622185E08A00F1FFBF /* DYNSegmentPage.m */; };
		C1A6C4E9B824B534D70869C4 /* libPods-DYNSegmentDemo.a in Frameworks */ = {isa = PBXBuildFile; fileRef = A2CCBE94C9CCE1CC9EF7AF9B /* libPods-DYNSegmentDemo.a */; };
/* End PBXBuildFile section */

/* Begin PBXFileReference section */
		1469708C2189A3B0008BD8C0 /* DYNSegmentItem.h */ = {isa = PBXFileReference; lastKnownFileType = sourcecode.c.h; path = DYNSegmentItem.h; sourceTree = "<group>"; };
		1469708D2189A3B0008BD8C0 /* DYNSegmentItem.m */ = {isa = PBXFileReference; lastKnownFileType = sourcecode.c.objc; path = DYNSegmentItem.m; sourceTree = "<group>"; };
		14697092218BE936008BD8C0 /* ViewController1.h */ = {isa = PBXFileReference; lastKnownFileType = sourcecode.c.h; path = ViewController1.h; sourceTree = "<group>"; };
		14697093218BE936008BD8C0 /* ViewController1.m */ = {isa = PBXFileReference; lastKnownFileType = sourcecode.c.objc; path = ViewController1.m; sourceTree = "<group>"; };
		14EC1AA821853A1800F1FFBF /* DYNSegmentDemo.app */ = {isa = PBXFileReference; explicitFileType = wrapper.application; includeInIndex = 0; path = DYNSegmentDemo.app; sourceTree = BUILT_PRODUCTS_DIR; };
		14EC1AB421853A1B00F1FFBF /* Assets.xcassets */ = {isa = PBXFileReference; lastKnownFileType = folder.assetcatalog; path = Assets.xcassets; sourceTree = "<group>"; };
		14EC1AB721853A1B00F1FFBF /* Base */ = {isa = PBXFileReference; lastKnownFileType = file.storyboard; name = Base; path = Base.lproj/LaunchScreen.storyboard; sourceTree = "<group>"; };
		14EC1AB921853A1B00F1FFBF /* Info.plist */ = {isa = PBXFileReference; lastKnownFileType = text.plist.xml; path = Info.plist; sourceTree = "<group>"; };
		14EC1ABA21853A1B00F1FFBF /* main.m */ = {isa = PBXFileReference; lastKnownFileType = sourcecode.c.objc; path = main.m; sourceTree = "<group>"; };
		14EC1AE4218540CC00F1FFBF /* AppDelegate.h */ = {isa = PBXFileReference; fileEncoding = 4; lastKnownFileType = sourcecode.c.h; path = AppDelegate.h; sourceTree = "<group>"; };
		14EC1AE5218540CC00F1FFBF /* ViewController.m */ = {isa = PBXFileReference; fileEncoding = 4; lastKnownFileType = sourcecode.c.objc; path = ViewController.m; sourceTree = "<group>"; };
		14EC1AE6218540CC00F1FFBF /* Main.storyboard */ = {isa = PBXFileReference; fileEncoding = 4; lastKnownFileType = file.storyboard; path = Main.storyboard; sourceTree = "<group>"; };
		14EC1AE7218540CC00F1FFBF /* AppDelegate.m */ = {isa = PBXFileReference; fileEncoding = 4; lastKnownFileType = sourcecode.c.objc; path = AppDelegate.m; sourceTree = "<group>"; };
		14EC1AE8218540CC00F1FFBF /* ViewController.h */ = {isa = PBXFileReference; fileEncoding = 4; lastKnownFileType = sourcecode.c.h; path = ViewController.h; sourceTree = "<group>"; };
		14EC1B612185E08A00F1FFBF /* DYNSegmentPage.h */ = {isa = PBXFileReference; lastKnownFileType = sourcecode.c.h; path = DYNSegmentPage.h; sourceTree = "<group>"; };
		14EC1B622185E08A00F1FFBF /* DYNSegmentPage.m */ = {isa = PBXFileReference; lastKnownFileType = sourcecode.c.objc; path = DYNSegmentPage.m; sourceTree = "<group>"; };
		47BFD985AE25CF68D68E6CA3 /* Pods-DYNSegmentDemo.release.xcconfig */ = {isa = PBXFileReference; includeInIndex = 1; lastKnownFileType = text.xcconfig; name = "Pods-DYNSegmentDemo.release.xcconfig"; path = "Pods/Target Support Files/Pods-DYNSegmentDemo/Pods-DYNSegmentDemo.release.xcconfig"; sourceTree = "<group>"; };
		A2CCBE94C9CCE1CC9EF7AF9B /* libPods-DYNSegmentDemo.a */ = {isa = PBXFileReference; explicitFileType = archive.ar; includeInIndex = 0; path = "libPods-DYNSegmentDemo.a"; sourceTree = BUILT_PRODUCTS_DIR; };
		D181C7B6070769D492ADB29F /* Pods-DYNSegmentDemo.debug.xcconfig */ = {isa = PBXFileReference; includeInIndex = 1; lastKnownFileType = text.xcconfig; name = "Pods-DYNSegmentDemo.debug.xcconfig"; path = "Pods/Target Support Files/Pods-DYNSegmentDemo/Pods-DYNSegmentDemo.debug.xcconfig"; sourceTree = "<group>"; };
/* End PBXFileReference section */

/* Begin PBXFrameworksBuildPhase section */
		14EC1AA521853A1800F1FFBF /* Frameworks */ = {
			isa = PBXFrameworksBuildPhase;
			buildActionMask = 2147483647;
			files = (
				C1A6C4E9B824B534D70869C4 /* libPods-DYNSegmentDemo.a in Frameworks */,
			);
			runOnlyForDeploymentPostprocessing = 0;
		};
/* End PBXFrameworksBuildPhase section */

/* Begin PBXGroup section */
		0F78DE660C63817597EEB0C7 /* Pods */ = {
			isa = PBXGroup;
			children = (
				D181C7B6070769D492ADB29F /* Pods-DYNSegmentDemo.debug.xcconfig */,
				47BFD985AE25CF68D68E6CA3 /* Pods-DYNSegmentDemo.release.xcconfig */,
			);
			name = Pods;
			sourceTree = "<group>";
		};
		14EC1A9F21853A1800F1FFBF = {
			isa = PBXGroup;
			children = (
				14EC1B602185437900F1FFBF /* DYNSegment */,
				14EC1AE3218540CC00F1FFBF /* TestUI */,
				14EC1AAA21853A1800F1FFBF /* DYNSegmentDemo */,
				14EC1AA921853A1800F1FFBF /* Products */,
				0F78DE660C63817597EEB0C7 /* Pods */,
				349CCAE4A3F6EC38F5ED6EA2 /* Frameworks */,
			);
			sourceTree = "<group>";
		};
		14EC1AA921853A1800F1FFBF /* Products */ = {
			isa = PBXGroup;
			children = (
				14EC1AA821853A1800F1FFBF /* DYNSegmentDemo.app */,
			);
			name = Products;
			sourceTree = "<group>";
		};
		14EC1AAA21853A1800F1FFBF /* DYNSegmentDemo */ = {
			isa = PBXGroup;
			children = (
				14EC1AB421853A1B00F1FFBF /* Assets.xcassets */,
				14EC1AB621853A1B00F1FFBF /* LaunchScreen.storyboard */,
				14EC1AB921853A1B00F1FFBF /* Info.plist */,
				14EC1ABA21853A1B00F1FFBF /* main.m */,
			);
			path = DYNSegmentDemo;
			sourceTree = "<group>";
		};
		14EC1AE3218540CC00F1FFBF /* TestUI */ = {
			isa = PBXGroup;
			children = (
				14EC1AE4218540CC00F1FFBF /* AppDelegate.h */,
				14EC1AE7218540CC00F1FFBF /* AppDelegate.m */,
				14EC1AE6218540CC00F1FFBF /* Main.storyboard */,
				14EC1AE8218540CC00F1FFBF /* ViewController.h */,
				14EC1AE5218540CC00F1FFBF /* ViewController.m */,
				14697092218BE936008BD8C0 /* ViewController1.h */,
				14697093218BE936008BD8C0 /* ViewController1.m */,
			);
			path = TestUI;
			sourceTree = "<group>";
		};
		14EC1B602185437900F1FFBF /* DYNSegment */ = {
			isa = PBXGroup;
			children = (
				14EC1B612185E08A00F1FFBF /* DYNSegmentPage.h */,
				14EC1B622185E08A00F1FFBF /* DYNSegmentPage.m */,
				1469708C2189A3B0008BD8C0 /* DYNSegmentItem.h */,
				1469708D2189A3B0008BD8C0 /* DYNSegmentItem.m */,
			);
			name = DYNSegment;
			path = ../DYNSegment;
			sourceTree = "<group>";
		};
		349CCAE4A3F6EC38F5ED6EA2 /* Frameworks */ = {
			isa = PBXGroup;
			children = (
				A2CCBE94C9CCE1CC9EF7AF9B /* libPods-DYNSegmentDemo.a */,
			);
			name = Frameworks;
			sourceTree = "<group>";
		};
/* End PBXGroup section */

/* Begin PBXNativeTarget section */
		14EC1AA721853A1800F1FFBF /* DYNSegmentDemo */ = {
			isa = PBXNativeTarget;
			buildConfigurationList = 14EC1ABE21853A1B00F1FFBF /* Build configuration list for PBXNativeTarget "DYNSegmentDemo" */;
			buildPhases = (
				35B82345B048CD6E3FA94B47 /* [CP] Check Pods Manifest.lock */,
				14EC1AA421853A1800F1FFBF /* Sources */,
				14EC1AA521853A1800F1FFBF /* Frameworks */,
				14EC1AA621853A1800F1FFBF /* Resources */,
			);
			buildRules = (
			);
			dependencies = (
			);
			name = DYNSegmentDemo;
			productName = DYNSegmentDemo;
			productReference = 14EC1AA821853A1800F1FFBF /* DYNSegmentDemo.app */;
			productType = "com.apple.product-type.application";
		};
/* End PBXNativeTarget section */

/* Begin PBXProject section */
		14EC1AA021853A1800F1FFBF /* Project object */ = {
			isa = PBXProject;
			attributes = {
				LastUpgradeCheck = 0940;
				ORGANIZATIONNAME = devyuan;
				TargetAttributes = {
					14EC1AA721853A1800F1FFBF = {
						CreatedOnToolsVersion = 9.4;
					};
				};
			};
			buildConfigurationList = 14EC1AA321853A1800F1FFBF /* Build configuration list for PBXProject "DYNSegmentDemo" */;
			compatibilityVersion = "Xcode 9.3";
			developmentRegion = en;
			hasScannedForEncodings = 0;
			knownRegions = (
				en,
				Base,
			);
			mainGroup = 14EC1A9F21853A1800F1FFBF;
			productRefGroup = 14EC1AA921853A1800F1FFBF /* Products */;
			projectDirPath = "";
			projectRoot = "";
			targets = (
				14EC1AA721853A1800F1FFBF /* DYNSegmentDemo */,
			);
		};
/* End PBXProject section */

/* Begin PBXResourcesBuildPhase section */
		14EC1AA621853A1800F1FFBF /* Resources */ = {
			isa = PBXResourcesBuildPhase;
			buildActionMask = 2147483647;
			files = (
				14EC1AEA218540CC00F1FFBF /* Main.storyboard in Resources */,
				14EC1AB821853A1B00F1FFBF /* LaunchScreen.storyboard in Resources */,
				14EC1AB521853A1B00F1FFBF /* Assets.xcassets in Resources */,
			);
			runOnlyForDeploymentPostprocessing = 0;
		};
/* End PBXResourcesBuildPhase section */

/* Begin PBXShellScriptBuildPhase section */
		35B82345B048CD6E3FA94B47 /* [CP] Check Pods Manifest.lock */ = {
			isa = PBXShellScriptBuildPhase;
			buildActionMask = 2147483647;
			files = (
			);
			inputPaths = (
				"${PODS_PODFILE_DIR_PATH}/Podfile.lock",
				"${PODS_ROOT}/Manifest.lock",
			);
			name = "[CP] Check Pods Manifest.lock";
			outputPaths = (
				"$(DERIVED_FILE_DIR)/Pods-DYNSegmentDemo-checkManifestLockResult.txt",
			);
			runOnlyForDeploymentPostprocessing = 0;
			shellPath = /bin/sh;
			shellScript = "diff \"${PODS_PODFILE_DIR_PATH}/Podfile.lock\" \"${PODS_ROOT}/Manifest.lock\" > /dev/null\nif [ $? != 0 ] ; then\n    # print error to STDERR\n    echo \"error: The sandbox is not in sync with the Podfile.lock. Run 'pod install' or update your CocoaPods installation.\" >&2\n    exit 1\nfi\n# This output is used by Xcode 'outputs' to avoid re-running this script phase.\necho \"SUCCESS\" > \"${SCRIPT_OUTPUT_FILE_0}\"\n";
			showEnvVarsInLog = 0;
		};
/* End PBXShellScriptBuildPhase section */

/* Begin PBXSourcesBuildPhase section */
		14EC1AA421853A1800F1FFBF /* Sources */ = {
			isa = PBXSourcesBuildPhase;
			buildActionMask = 2147483647;
			files = (
				14EC1AE9218540CC00F1FFBF /* ViewController.m in Sources */,
				14697094218BE936008BD8C0 /* ViewController1.m in Sources */,
				14EC1ABB21853A1B00F1FFBF /* main.m in Sources */,
				14EC1AEB218540CC00F1FFBF /* AppDelegate.m in Sources */,
				1469708E2189A3B0008BD8C0 /* DYNSegmentItem.m in Sources */,
				14EC1B632185E08A00F1FFBF /* DYNSegmentPage.m in Sources */,
			);
			runOnlyForDeploymentPostprocessing = 0;
		};
/* End PBXSourcesBuildPhase section */

/* Begin PBXVariantGroup section */
		14EC1AB621853A1B00F1FFBF /* LaunchScreen.storyboard */ = {
			isa = PBXVariantGroup;
			children = (
				14EC1AB721853A1B00F1FFBF /* Base */,
			);
			name = LaunchScreen.storyboard;
			sourceTree = "<group>";
		};
/* End PBXVariantGroup section */

/* Begin XCBuildConfiguration section */
		14EC1ABC21853A1B00F1FFBF /* Debug */ = {
			isa = XCBuildConfiguration;
			buildSettings = {
				ALWAYS_SEARCH_USER_PATHS = NO;
				CLANG_ANALYZER_NONNULL = YES;
				CLANG_ANALYZER_NUMBER_OBJECT_CONVERSION = YES_AGGRESSIVE;
				CLANG_CXX_LANGUAGE_STANDARD = "gnu++14";
				CLANG_CXX_LIBRARY = "libc++";
				CLANG_ENABLE_MODULES = YES;
				CLANG_ENABLE_OBJC_ARC = YES;
				CLANG_ENABLE_OBJC_WEAK = YES;
				CLANG_WARN_BLOCK_CAPTURE_AUTORELEASING = YES;
				CLANG_WARN_BOOL_CONVERSION = YES;
				CLANG_WARN_COMMA = YES;
				CLANG_WARN_CONSTANT_CONVERSION = YES;
				CLANG_WARN_DEPRECATED_OBJC_IMPLEMENTATIONS = YES;
				CLANG_WARN_DIRECT_OBJC_ISA_USAGE = YES_ERROR;
				CLANG_WARN_DOCUMENTATION_COMMENTS = YES;
				CLANG_WARN_EMPTY_BODY = YES;
				CLANG_WARN_ENUM_CONVERSION = YES;
				CLANG_WARN_INFINITE_RECURSION = YES;
				CLANG_WARN_INT_CONVERSION = YES;
				CLANG_WARN_NON_LITERAL_NULL_CONVERSION = YES;
				CLANG_WARN_OBJC_IMPLICIT_RETAIN_SELF = YES;
				CLANG_WARN_OBJC_LITERAL_CONVERSION = YES;
				CLANG_WARN_OBJC_ROOT_CLASS = YES_ERROR;
				CLANG_WARN_RANGE_LOOP_ANALYSIS = YES;
				CLANG_WARN_STRICT_PROTOTYPES = YES;
				CLANG_WARN_SUSPICIOUS_MOVE = YES;
				CLANG_WARN_UNGUARDED_AVAILABILITY = YES_AGGRESSIVE;
				CLANG_WARN_UNREACHABLE_CODE = YES;
				CLANG_WARN__DUPLICATE_METHOD_MATCH = YES;
				CODE_SIGN_IDENTITY = "iPhone Developer";
				COPY_PHASE_STRIP = NO;
				DEBUG_INFORMATION_FORMAT = dwarf;
				ENABLE_STRICT_OBJC_MSGSEND = YES;
				ENABLE_TESTABILITY = YES;
				GCC_C_LANGUAGE_STANDARD = gnu11;
				GCC_DYNAMIC_NO_PIC = NO;
				GCC_NO_COMMON_BLOCKS = YES;
				GCC_OPTIMIZATION_LEVEL = 0;
				GCC_PREPROCESSOR_DEFINITIONS = (
					"DEBUG=1",
					"$(inherited)",
				);
				GCC_WARN_64_TO_32_BIT_CONVERSION = YES;
				GCC_WARN_ABOUT_RETURN_TYPE = YES_ERROR;
				GCC_WARN_UNDECLARED_SELECTOR = YES;
				GCC_WARN_UNINITIALIZED_AUTOS = YES_AGGRESSIVE;
				GCC_WARN_UNUSED_FUNCTION = YES;
				GCC_WARN_UNUSED_VARIABLE = YES;
				IPHONEOS_DEPLOYMENT_TARGET = 11.4;
				MTL_ENABLE_DEBUG_INFO = YES;
				ONLY_ACTIVE_ARCH = YES;
				SDKROOT = iphoneos;
			};
			name = Debug;
		};
		14EC1ABD21853A1B00F1FFBF /* Release */ = {
			isa = XCBuildConfiguration;
			buildSettings = {
				ALWAYS_SEARCH_USER_PATHS = NO;
				CLANG_ANALYZER_NONNULL = YES;
				CLANG_ANALYZER_NUMBER_OBJECT_CONVERSION = YES_AGGRESSIVE;
				CLANG_CXX_LANGUAGE_STANDARD = "gnu++14";
				CLANG_CXX_LIBRARY = "libc++";
				CLANG_ENABLE_MODULES = YES;
				CLANG_ENABLE_OBJC_ARC = YES;
				CLANG_ENABLE_OBJC_WEAK = YES;
				CLANG_WARN_BLOCK_CAPTURE_AUTORELEASING = YES;
				CLANG_WARN_BOOL_CONVERSION = YES;
				CLANG_WARN_COMMA = YES;
				CLANG_WARN_CONSTANT_CONVERSION = YES;
				CLANG_WARN_DEPRECATED_OBJC_IMPLEMENTATIONS = YES;
				CLANG_WARN_DIRECT_OBJC_ISA_USAGE = YES_ERROR;
				CLANG_WARN_DOCUMENTATION_COMMENTS = YES;
				CLANG_WARN_EMPTY_BODY = YES;
				CLANG_WARN_ENUM_CONVERSION = YES;
				CLANG_WARN_INFINITE_RECURSION = YES;
				CLANG_WARN_INT_CONVERSION = YES;
				CLANG_WARN_NON_LITERAL_NULL_CONVERSION = YES;
				CLANG_WARN_OBJC_IMPLICIT_RETAIN_SELF = YES;
				CLANG_WARN_OBJC_LITERAL_CONVERSION = YES;
				CLANG_WARN_OBJC_ROOT_CLASS = YES_ERROR;
				CLANG_WARN_RANGE_LOOP_ANALYSIS = YES;
				CLANG_WARN_STRICT_PROTOTYPES = YES;
				CLANG_WARN_SUSPICIOUS_MOVE = YES;
				CLANG_WARN_UNGUARDED_AVAILABILITY = YES_AGGRESSIVE;
				CLANG_WARN_UNREACHABLE_CODE = YES;
				CLANG_WARN__DUPLICATE_METHOD_MATCH = YES;
				CODE_SIGN_IDENTITY = "iPhone Developer";
				COPY_PHASE_STRIP = NO;
				DEBUG_INFORMATION_FORMAT = "dwarf-with-dsym";
				ENABLE_NS_ASSERTIONS = NO;
				ENABLE_STRICT_OBJC_MSGSEND = YES;
				GCC_C_LANGUAGE_STANDARD = gnu11;
				GCC_NO_COMMON_BLOCKS = YES;
				GCC_WARN_64_TO_32_BIT_CONVERSION = YES;
				GCC_WARN_ABOUT_RETURN_TYPE = YES_ERROR;
				GCC_WARN_UNDECLARED_SELECTOR = YES;
				GCC_WARN_UNINITIALIZED_AUTOS = YES_AGGRESSIVE;
				GCC_WARN_UNUSED_FUNCTION = YES;
				GCC_WARN_UNUSED_VARIABLE = YES;
				IPHONEOS_DEPLOYMENT_TARGET = 11.4;
				MTL_ENABLE_DEBUG_INFO = NO;
				SDKROOT = iphoneos;
				VALIDATE_PRODUCT = YES;
			};
			name = Release;
		};
		14EC1ABF21853A1B00F1FFBF /* Debug */ = {
			isa = XCBuildConfiguration;
			baseConfigurationReference = D181C7B6070769D492ADB29F /* Pods-DYNSegmentDemo.debug.xcconfig */;
			buildSettings = {
				ASSETCATALOG_COMPILER_APPICON_NAME = AppIcon;
				CODE_SIGN_STYLE = Manual;
				DEVELOPMENT_TEAM = 9GT7E28KP9;
				INFOPLIST_FILE = DYNSegmentDemo/Info.plist;
				IPHONEOS_DEPLOYMENT_TARGET = 8.0;
				LD_RUNPATH_SEARCH_PATHS = (
					"$(inherited)",
					"@executable_path/Frameworks",
				);
				PRODUCT_BUNDLE_IDENTIFIER = com.devyuan.DYNSegmentDemo;
				PRODUCT_NAME = "$(TARGET_NAME)";
				PROVISIONING_PROFILE = "c4a45597-3f2f-421c-aed6-2859bf68db4b";
				PROVISIONING_PROFILE_SPECIFIER = YouliFYPDev_dev;
				TARGETED_DEVICE_FAMILY = "1,2";
			};
			name = Debug;
		};
		14EC1AC021853A1B00F1FFBF /* Release */ = {
			isa = XCBuildConfiguration;
			baseConfigurationReference = 47BFD985AE25CF68D68E6CA3 /* Pods-DYNSegmentDemo.release.xcconfig */;
			buildSettings = {
				ASSETCATALOG_COMPILER_APPICON_NAME = AppIcon;
				CODE_SIGN_STYLE = Manual;
				DEVELOPMENT_TEAM = 9GT7E28KP9;
				INFOPLIST_FILE = DYNSegmentDemo/Info.plist;
				IPHONEOS_DEPLOYMENT_TARGET = 8.0;
				LD_RUNPATH_SEARCH_PATHS = (
					"$(inherited)",
					"@executable_path/Frameworks",
				);
				PRODUCT_BUNDLE_IDENTIFIER = com.devyuan.DYNSegmentDemo;
				PRODUCT_NAME = "$(TARGET_NAME)";
				PROVISIONING_PROFILE = "c4a45597-3f2f-421c-aed6-2859bf68db4b";
				PROVISIONING_PROFILE_SPECIFIER = YouliFYPDev_dev;
				TARGETED_DEVICE_FAMILY = "1,2";
			};
			name = Release;
		};
/* End XCBuildConfiguration section */

/* Begin XCConfigurationList section */
		14EC1AA321853A1800F1FFBF /* Build configuration list for PBXProject "DYNSegmentDemo" */ = {
			isa = XCConfigurationList;
			buildConfigurations = (
				14EC1ABC21853A1B00F1FFBF /* Debug */,
				14EC1ABD21853A1B00F1FFBF /* Release */,
			);
			defaultConfigurationIsVisible = 0;
			defaultConfigurationName = Release;
		};
		14EC1ABE21853A1B00F1FFBF /* Build configuration list for PBXNativeTarget "DYNSegmentDemo" */ = {
			isa = XCConfigurationList;
			buildConfigurations = (
				14EC1ABF21853A1B00F1FFBF /* Debug */,
				14EC1AC021853A1B00F1FFBF /* Release */,
			);
			defaultConfigurationIsVisible = 0;
			defaultConfigurationName = Release;
		};
/* End XCConfigurationList section */
	};
	rootObject = 14EC1AA021853A1800F1FFBF /* Project object */;
}
